
Microsoft Visual Studio Solution File, Format Version 12.00
# Visual Studio Version 17
VisualStudioVersion = 17.13.35913.81 d17.13
MinimumVisualStudioVersion = 10.0.40219.1
Project("{FAE04EC0-301F-11D3-BF4B-00C04F79EFBC}") = "TodoManagement", "TodoManagement\TodoManagement.csproj", "{FD8D2AD3-3A13-4DFA-B619-3A6372E0A9E6}"
EndProject
Project("{FAE04EC0-301F-11D3-BF4B-00C04F79EFBC}") = "Domain Layer", "Domain Layer\Domain Layer.csproj", "{35C7B226-07EE-45D8-A3F2-18700BCE3805}"
EndProject
Project("{FAE04EC0-301F-11D3-BF4B-00C04F79EFBC}") = "Infrastructure Layer", "Infrastructure Layer\Infrastructure Layer.csproj", "{390AD549-8270-43A2-AE50-DA4541A34DD4}"
EndProject
Project("{FAE04EC0-301F-11D3-BF4B-00C04F79EFBC}") = "Application Layer", "Application Layer\Application Layer.csproj", "{B101F28B-E584-47A2-A6EC-4CF9F9D04995}"
EndProject
Global
	GlobalSection(SolutionConfigurationPlatforms) = preSolution
		Debug|Any CPU = Debug|Any CPU
		Release|Any CPU = Release|Any CPU
	EndGlobalSection
	GlobalSection(ProjectConfigurationPlatforms) = postSolution
		{FD8D2AD3-3A13-4DFA-B619-3A6372E0A9E6}.Debug|Any CPU.ActiveCfg = Debug|Any CPU
		{FD8D2AD3-3A13-4DFA-B619-3A6372E0A9E6}.Debug|Any CPU.Build.0 = Debug|Any CPU
		{FD8D2AD3-3A13-4DFA-B619-3A6372E0A9E6}.Release|Any CPU.ActiveCfg = Release|Any CPU
		{FD8D2AD3-3A13-4DFA-B619-3A6372E0A9E6}.Release|Any CPU.Build.0 = Release|Any CPU
		{35C7B226-07EE-45D8-A3F2-18700BCE3805}.Debug|Any CPU.ActiveCfg = Debug|Any CPU
		{35C7B226-07EE-45D8-A3F2-18700BCE3805}.Debug|Any CPU.Build.0 = Debug|Any CPU
		{35C7B226-07EE-45D8-A3F2-18700BCE3805}.Release|Any CPU.ActiveCfg = Release|Any CPU
		{35C7B226-07EE-45D8-A3F2-18700BCE3805}.Release|Any CPU.Build.0 = Release|Any CPU
		{390AD549-8270-43A2-AE50-DA4541A34DD4}.Debug|Any CPU.ActiveCfg = Debug|Any CPU
		{390AD549-8270-43A2-AE50-DA4541A34DD4}.Debug|Any CPU.Build.0 = Debug|Any CPU
		{390AD549-8270-43A2-AE50-DA4541A34DD4}.Release|Any CPU.ActiveCfg = Release|Any CPU
		{390AD549-8270-43A2-AE50-DA4541A34DD4}.Release|Any CPU.Build.0 = Release|Any CPU
		{B101F28B-E584-47A2-A6EC-4CF9F9D04995}.Debug|Any CPU.ActiveCfg = Debug|Any CPU
		{B101F28B-E584-47A2-A6EC-4CF9F9D04995}.Debug|Any CPU.Build.0 = Debug|Any CPU
		{B101F28B-E584-47A2-A6EC-4CF9F9D04995}.Release|Any CPU.ActiveCfg = Release|Any CPU
		{B101F28B-E584-47A2-A6EC-4CF9F9D04995}.Release|Any CPU.Build.0 = Release|Any CPU
	EndGlobalSection
	GlobalSection(SolutionProperties) = preSolution
		HideSolutionNode = FALSE
	EndGlobalSection
	GlobalSection(ExtensibilityGlobals) = postSolution
		SolutionGuid = {62DD6BAD-B31B-462B-9563-0D80B1389A74}
	EndGlobalSection
EndGlobal
